// !$*UTF8*$!
{
	archiveVersion = 1;
	classes = {
	};
	objectVersion = 50;
	objects = {

/* Begin PBXBuildFile section */
		8D468F2F26E5C1AE006CB302 /* README.md in Resources */ = {isa = PBXBuildFile; fileRef = 8D468F2E26E5C1AE006CB302 /* README.md */; };
		8D93A0B726E4667900F65A95 /* AppDelegate.swift in Sources */ = {isa = PBXBuildFile; fileRef = 8D93A0B626E4667900F65A95 /* AppDelegate.swift */; };
		8D93A0B926E4667900F65A95 /* SceneDelegate.swift in Sources */ = {isa = PBXBuildFile; fileRef = 8D93A0B826E4667900F65A95 /* SceneDelegate.swift */; };
		8D93A0BD26E4667A00F65A95 /* Assets.xcassets in Resources */ = {isa = PBXBuildFile; fileRef = 8D93A0BC26E4667A00F65A95 /* Assets.xcassets */; };
		8D93A0C326E4667A00F65A95 /* LaunchScreen.storyboard in Resources */ = {isa = PBXBuildFile; fileRef = 8D93A0C126E4667A00F65A95 /* LaunchScreen.storyboard */; };
		8D93A0ED26E46AEA00F65A95 /* WeatherFetcher.swift in Sources */ = {isa = PBXBuildFile; fileRef = 8D93A0EC26E46AEA00F65A95 /* WeatherFetcher.swift */; };
		8D93A0EF26E46B0C00F65A95 /* WeeklyWeatherView.swift in Sources */ = {isa = PBXBuildFile; fileRef = 8D93A0EE26E46B0C00F65A95 /* WeeklyWeatherView.swift */; };
		8D93A0F126E46B2C00F65A95 /* WeeklyWeatherViewModel.swift in Sources */ = {isa = PBXBuildFile; fileRef = 8D93A0F026E46B2C00F65A95 /* WeeklyWeatherViewModel.swift */; };
		8D93A0F326E472A900F65A95 /* Response.swift in Sources */ = {isa = PBXBuildFile; fileRef = 8D93A0F226E472A900F65A95 /* Response.swift */; };
		8D93A0F526E4764000F65A95 /* WeatherError.swift in Sources */ = {isa = PBXBuildFile; fileRef = 8D93A0F426E4764000F65A95 /* WeatherError.swift */; };
		8D93A0F726E47A9600F65A95 /* Parsing.swift in Sources */ = {isa = PBXBuildFile; fileRef = 8D93A0F626E47A9600F65A95 /* Parsing.swift */; };
		8D93A0FA26E47EC600F65A95 /* DailyWeatherRowViewModel.swift in Sources */ = {isa = PBXBuildFile; fileRef = 8D93A0F926E47EC600F65A95 /* DailyWeatherRowViewModel.swift */; };
		8D93A0FD26E47FA400F65A95 /* Formatters.swift in Sources */ = {isa = PBXBuildFile; fileRef = 8D93A0FC26E47FA400F65A95 /* Formatters.swift */; };
		8D93A10026E48BC800F65A95 /* Array+Filtering.swift in Sources */ = {isa = PBXBuildFile; fileRef = 8D93A0FF26E48BC800F65A95 /* Array+Filtering.swift */; };
		8D93A10226E4A6FF00F65A95 /* DailyWeatherRow.swift in Sources */ = {isa = PBXBuildFile; fileRef = 8D93A10126E4A6FF00F65A95 /* DailyWeatherRow.swift */; };
		8D93A10426E4CCA900F65A95 /* WeeklyWeatherBuilder.swift in Sources */ = {isa = PBXBuildFile; fileRef = 8D93A10326E4CCA900F65A95 /* WeeklyWeatherBuilder.swift */; };
		8D93A10626E4CD3500F65A95 /* CurrentWeatherViewModel.swift in Sources */ = {isa = PBXBuildFile; fileRef = 8D93A10526E4CD3500F65A95 /* CurrentWeatherViewModel.swift */; };
		8D93A10826E4CE8400F65A95 /* CurrentWeatherRowViewModel.swift in Sources */ = {isa = PBXBuildFile; fileRef = 8D93A10726E4CE8400F65A95 /* CurrentWeatherRowViewModel.swift */; };
		8D93A10A26E580EA00F65A95 /* CurrentWeatherRow.swift in Sources */ = {isa = PBXBuildFile; fileRef = 8D93A10926E580EA00F65A95 /* CurrentWeatherRow.swift */; };
		8D93A10D26E5842200F65A95 /* MapView.swift in Sources */ = {isa = PBXBuildFile; fileRef = 8D93A10C26E5842200F65A95 /* MapView.swift */; };
		8D93A10F26E5949000F65A95 /* CurrentWeatherView.swift in Sources */ = {isa = PBXBuildFile; fileRef = 8D93A10E26E5949000F65A95 /* CurrentWeatherView.swift */; };
/* End PBXBuildFile section */

/* Begin PBXContainerItemProxy section */
		8D93A0CA26E4667A00F65A95 /* PBXContainerItemProxy */ = {
			isa = PBXContainerItemProxy;
			containerPortal = 8D93A0AB26E4667900F65A95 /* Project object */;
			proxyType = 1;
			remoteGlobalIDString = 8D93A0B226E4667900F65A95;
			remoteInfo = test2;
		};
		8D93A0D526E4667A00F65A95 /* PBXContainerItemProxy */ = {
			isa = PBXContainerItemProxy;
			containerPortal = 8D93A0AB26E4667900F65A95 /* Project object */;
			proxyType = 1;
			remoteGlobalIDString = 8D93A0B226E4667900F65A95;
			remoteInfo = test2;
		};
/* End PBXContainerItemProxy section */

/* Begin PBXFileReference section */
		8D468F2E26E5C1AE006CB302 /* README.md */ = {isa = PBXFileReference; fileEncoding = 4; lastKnownFileType = net.daringfireball.markdown; path = README.md; sourceTree = SOURCE_ROOT; };
		8D93A0B326E4667900F65A95 /* Combine-SwiftUI-MVVM.app */ = {isa = PBXFileReference; explicitFileType = wrapper.application; includeInIndex = 0; path = "Combine-SwiftUI-MVVM.app"; sourceTree = BUILT_PRODUCTS_DIR; };
		8D93A0B626E4667900F65A95 /* AppDelegate.swift */ = {isa = PBXFileReference; lastKnownFileType = sourcecode.swift; path = AppDelegate.swift; sourceTree = "<group>"; };
		8D93A0B826E4667900F65A95 /* SceneDelegate.swift */ = {isa = PBXFileReference; lastKnownFileType = sourcecode.swift; path = SceneDelegate.swift; sourceTree = "<group>"; };
		8D93A0BC26E4667A00F65A95 /* Assets.xcassets */ = {isa = PBXFileReference; lastKnownFileType = folder.assetcatalog; path = Assets.xcassets; sourceTree = "<group>"; };
		8D93A0C226E4667A00F65A95 /* Base */ = {isa = PBXFileReference; lastKnownFileType = file.storyboard; name = Base; path = Base.lproj/LaunchScreen.storyboard; sourceTree = "<group>"; };
		8D93A0C426E4667A00F65A95 /* Info.plist */ = {isa = PBXFileReference; lastKnownFileType = text.plist.xml; path = Info.plist; sourceTree = "<group>"; };
		8D93A0C926E4667A00F65A95 /* Combine-SwiftUI-MVVMTests.xctest */ = {isa = PBXFileReference; explicitFileType = wrapper.cfbundle; includeInIndex = 0; path = "Combine-SwiftUI-MVVMTests.xctest"; sourceTree = BUILT_PRODUCTS_DIR; };
		8D93A0D426E4667A00F65A95 /* Combine-SwiftUI-MVVMUITests.xctest */ = {isa = PBXFileReference; explicitFileType = wrapper.cfbundle; includeInIndex = 0; path = "Combine-SwiftUI-MVVMUITests.xctest"; sourceTree = BUILT_PRODUCTS_DIR; };
		8D93A0EC26E46AEA00F65A95 /* WeatherFetcher.swift */ = {isa = PBXFileReference; lastKnownFileType = sourcecode.swift; path = WeatherFetcher.swift; sourceTree = "<group>"; };
		8D93A0EE26E46B0C00F65A95 /* WeeklyWeatherView.swift */ = {isa = PBXFileReference; lastKnownFileType = sourcecode.swift; path = WeeklyWeatherView.swift; sourceTree = "<group>"; };
		8D93A0F026E46B2C00F65A95 /* WeeklyWeatherViewModel.swift */ = {isa = PBXFileReference; lastKnownFileType = sourcecode.swift; path = WeeklyWeatherViewModel.swift; sourceTree = "<group>"; };
		8D93A0F226E472A900F65A95 /* Response.swift */ = {isa = PBXFileReference; lastKnownFileType = sourcecode.swift; path = Response.swift; sourceTree = "<group>"; };
		8D93A0F426E4764000F65A95 /* WeatherError.swift */ = {isa = PBXFileReference; lastKnownFileType = sourcecode.swift; path = WeatherError.swift; sourceTree = "<group>"; };
		8D93A0F626E47A9600F65A95 /* Parsing.swift */ = {isa = PBXFileReference; lastKnownFileType = sourcecode.swift; path = Parsing.swift; sourceTree = "<group>"; };
		8D93A0F926E47EC600F65A95 /* DailyWeatherRowViewModel.swift */ = {isa = PBXFileReference; lastKnownFileType = sourcecode.swift; path = DailyWeatherRowViewModel.swift; sourceTree = "<group>"; };
		8D93A0FC26E47FA400F65A95 /* Formatters.swift */ = {isa = PBXFileReference; lastKnownFileType = sourcecode.swift; path = Formatters.swift; sourceTree = "<group>"; };
		8D93A0FF26E48BC800F65A95 /* Array+Filtering.swift */ = {isa = PBXFileReference; lastKnownFileType = sourcecode.swift; path = "Array+Filtering.swift"; sourceTree = "<group>"; };
		8D93A10126E4A6FF00F65A95 /* DailyWeatherRow.swift */ = {isa = PBXFileReference; lastKnownFileType = sourcecode.swift; path = DailyWeatherRow.swift; sourceTree = "<group>"; };
		8D93A10326E4CCA900F65A95 /* WeeklyWeatherBuilder.swift */ = {isa = PBXFileReference; lastKnownFileType = sourcecode.swift; path = WeeklyWeatherBuilder.swift; sourceTree = "<group>"; };
		8D93A10526E4CD3500F65A95 /* CurrentWeatherViewModel.swift */ = {isa = PBXFileReference; lastKnownFileType = sourcecode.swift; path = CurrentWeatherViewModel.swift; sourceTree = "<group>"; };
		8D93A10726E4CE8400F65A95 /* CurrentWeatherRowViewModel.swift */ = {isa = PBXFileReference; lastKnownFileType = sourcecode.swift; path = CurrentWeatherRowViewModel.swift; sourceTree = "<group>"; };
		8D93A10926E580EA00F65A95 /* CurrentWeatherRow.swift */ = {isa = PBXFileReference; lastKnownFileType = sourcecode.swift; path = CurrentWeatherRow.swift; sourceTree = "<group>"; };
		8D93A10C26E5842200F65A95 /* MapView.swift */ = {isa = PBXFileReference; lastKnownFileType = sourcecode.swift; path = MapView.swift; sourceTree = "<group>"; };
		8D93A10E26E5949000F65A95 /* CurrentWeatherView.swift */ = {isa = PBXFileReference; lastKnownFileType = sourcecode.swift; path = CurrentWeatherView.swift; sourceTree = "<group>"; };
/* End PBXFileReference section */

/* Begin PBXFrameworksBuildPhase section */
		8D93A0B026E4667900F65A95 /* Frameworks */ = {
			isa = PBXFrameworksBuildPhase;
			buildActionMask = 2147483647;
			files = (
			);
			runOnlyForDeploymentPostprocessing = 0;
		};
		8D93A0C626E4667A00F65A95 /* Frameworks */ = {
			isa = PBXFrameworksBuildPhase;
			buildActionMask = 2147483647;
			files = (
			);
			runOnlyForDeploymentPostprocessing = 0;
		};
		8D93A0D126E4667A00F65A95 /* Frameworks */ = {
			isa = PBXFrameworksBuildPhase;
			buildActionMask = 2147483647;
			files = (
			);
			runOnlyForDeploymentPostprocessing = 0;
		};
/* End PBXFrameworksBuildPhase section */

/* Begin PBXGroup section */
		8D93A0AA26E4667900F65A95 = {
			isa = PBXGroup;
			children = (
				8D93A0B526E4667900F65A95 /* Combine-SwiftUI-MVVM */,
				8D93A0B426E4667900F65A95 /* Products */,
			);
			sourceTree = "<group>";
		};
		8D93A0B426E4667900F65A95 /* Products */ = {
			isa = PBXGroup;
			children = (
				8D93A0B326E4667900F65A95 /* Combine-SwiftUI-MVVM.app */,
				8D93A0C926E4667A00F65A95 /* Combine-SwiftUI-MVVMTests.xctest */,
				8D93A0D426E4667A00F65A95 /* Combine-SwiftUI-MVVMUITests.xctest */,
			);
			name = Products;
			sourceTree = "<group>";
		};
		8D93A0B526E4667900F65A95 /* Combine-SwiftUI-MVVM */ = {
			isa = PBXGroup;
			children = (
				8D93A0E726E46A4700F65A95 /* Utilities */,
				8D93A0E626E46A3400F65A95 /* Weather */,
				8D93A0E826E46A7000F65A95 /* Supporting Files */,
			);
			path = "Combine-SwiftUI-MVVM";
			sourceTree = "<group>";
		};
		8D93A0E626E46A3400F65A95 /* Weather */ = {
			isa = PBXGroup;
			children = (
				8D93A0EB26E46AC900F65A95 /* CurrentWeather */,
				8D93A0EA26E46ABF00F65A95 /* WeeklyWeather */,
				8D93A0E926E46AB300F65A95 /* OpenWeatherAPI */,
			);
			path = Weather;
			sourceTree = "<group>";
		};
		8D93A0E726E46A4700F65A95 /* Utilities */ = {
			isa = PBXGroup;
			children = (
				8D93A10B26E5840F00F65A95 /* UI */,
				8D93A0FE26E48BB100F65A95 /* Array Extensions */,
				8D93A0FB26E47F9900F65A95 /* Formatters */,
				8D93A0F826E47AA300F65A95 /* Parsing */,
			);
			path = Utilities;
			sourceTree = "<group>";
		};
		8D93A0E826E46A7000F65A95 /* Supporting Files */ = {
			isa = PBXGroup;
			children = (
				8D468F2E26E5C1AE006CB302 /* README.md */,
				8D93A0B626E4667900F65A95 /* AppDelegate.swift */,
				8D93A0B826E4667900F65A95 /* SceneDelegate.swift */,
				8D93A0BC26E4667A00F65A95 /* Assets.xcassets */,
				8D93A0C126E4667A00F65A95 /* LaunchScreen.storyboard */,
				8D93A0C426E4667A00F65A95 /* Info.plist */,
			);
			path = "Supporting Files";
			sourceTree = "<group>";
		};
		8D93A0E926E46AB300F65A95 /* OpenWeatherAPI */ = {
			isa = PBXGroup;
			children = (
				8D93A0EC26E46AEA00F65A95 /* WeatherFetcher.swift */,
				8D93A0F426E4764000F65A95 /* WeatherError.swift */,
				8D93A0F226E472A900F65A95 /* Response.swift */,
			);
			path = OpenWeatherAPI;
			sourceTree = "<group>";
		};
		8D93A0EA26E46ABF00F65A95 /* WeeklyWeather */ = {
			isa = PBXGroup;
			children = (
				8D93A0EE26E46B0C00F65A95 /* WeeklyWeatherView.swift */,
				8D93A0F026E46B2C00F65A95 /* WeeklyWeatherViewModel.swift */,
				8D93A0F926E47EC600F65A95 /* DailyWeatherRowViewModel.swift */,
				8D93A10126E4A6FF00F65A95 /* DailyWeatherRow.swift */,
				8D93A10326E4CCA900F65A95 /* WeeklyWeatherBuilder.swift */,
			);
			path = WeeklyWeather;
			sourceTree = "<group>";
		};
		8D93A0EB26E46AC900F65A95 /* CurrentWeather */ = {
			isa = PBXGroup;
			children = (
				8D93A10526E4CD3500F65A95 /* CurrentWeatherViewModel.swift */,
				8D93A10E26E5949000F65A95 /* CurrentWeatherView.swift */,
				8D93A10926E580EA00F65A95 /* CurrentWeatherRow.swift */,
				8D93A10726E4CE8400F65A95 /* CurrentWeatherRowViewModel.swift */,
			);
			path = CurrentWeather;
			sourceTree = "<group>";
		};
		8D93A0F826E47AA300F65A95 /* Parsing */ = {
			isa = PBXGroup;
			children = (
				8D93A0F626E47A9600F65A95 /* Parsing.swift */,
			);
			path = Parsing;
			sourceTree = "<group>";
		};
		8D93A0FB26E47F9900F65A95 /* Formatters */ = {
			isa = PBXGroup;
			children = (
				8D93A0FC26E47FA400F65A95 /* Formatters.swift */,
			);
			path = Formatters;
			sourceTree = "<group>";
		};
		8D93A0FE26E48BB100F65A95 /* Array Extensions */ = {
			isa = PBXGroup;
			children = (
				8D93A0FF26E48BC800F65A95 /* Array+Filtering.swift */,
			);
			path = "Array Extensions";
			sourceTree = "<group>";
		};
		8D93A10B26E5840F00F65A95 /* UI */ = {
			isa = PBXGroup;
			children = (
				8D93A10C26E5842200F65A95 /* MapView.swift */,
			);
			path = UI;
			sourceTree = "<group>";
		};
/* End PBXGroup section */

/* Begin PBXNativeTarget section */
		8D93A0B226E4667900F65A95 /* Combine-SwiftUI-MVVM */ = {
			isa = PBXNativeTarget;
			buildConfigurationList = 8D93A0DD26E4667A00F65A95 /* Build configuration list for PBXNativeTarget "Combine-SwiftUI-MVVM" */;
			buildPhases = (
				8D93A0AF26E4667900F65A95 /* Sources */,
				8D93A0B026E4667900F65A95 /* Frameworks */,
				8D93A0B126E4667900F65A95 /* Resources */,
			);
			buildRules = (
			);
			dependencies = (
			);
			name = "Combine-SwiftUI-MVVM";
			productName = test2;
			productReference = 8D93A0B326E4667900F65A95 /* Combine-SwiftUI-MVVM.app */;
			productType = "com.apple.product-type.application";
		};
		8D93A0C826E4667A00F65A95 /* Combine-SwiftUI-MVVMTests */ = {
			isa = PBXNativeTarget;
			buildConfigurationList = 8D93A0E026E4667A00F65A95 /* Build configuration list for PBXNativeTarget "Combine-SwiftUI-MVVMTests" */;
			buildPhases = (
				8D93A0C526E4667A00F65A95 /* Sources */,
				8D93A0C626E4667A00F65A95 /* Frameworks */,
				8D93A0C726E4667A00F65A95 /* Resources */,
			);
			buildRules = (
			);
			dependencies = (
				8D93A0CB26E4667A00F65A95 /* PBXTargetDependency */,
			);
			name = "Combine-SwiftUI-MVVMTests";
			productName = test2Tests;
			productReference = 8D93A0C926E4667A00F65A95 /* Combine-SwiftUI-MVVMTests.xctest */;
			productType = "com.apple.product-type.bundle.unit-test";
		};
		8D93A0D326E4667A00F65A95 /* Combine-SwiftUI-MVVMUITests */ = {
			isa = PBXNativeTarget;
			buildConfigurationList = 8D93A0E326E4667A00F65A95 /* Build configuration list for PBXNativeTarget "Combine-SwiftUI-MVVMUITests" */;
			buildPhases = (
				8D93A0D026E4667A00F65A95 /* Sources */,
				8D93A0D126E4667A00F65A95 /* Frameworks */,
				8D93A0D226E4667A00F65A95 /* Resources */,
			);
			buildRules = (
			);
			dependencies = (
				8D93A0D626E4667A00F65A95 /* PBXTargetDependency */,
			);
			name = "Combine-SwiftUI-MVVMUITests";
			productName = test2UITests;
			productReference = 8D93A0D426E4667A00F65A95 /* Combine-SwiftUI-MVVMUITests.xctest */;
			productType = "com.apple.product-type.bundle.ui-testing";
		};
/* End PBXNativeTarget section */

/* Begin PBXProject section */
		8D93A0AB26E4667900F65A95 /* Project object */ = {
			isa = PBXProject;
			attributes = {
				LastSwiftUpdateCheck = 1250;
				LastUpgradeCheck = 1250;
				TargetAttributes = {
					8D93A0B226E4667900F65A95 = {
						CreatedOnToolsVersion = 12.5.1;
					};
					8D93A0C826E4667A00F65A95 = {
						CreatedOnToolsVersion = 12.5.1;
						TestTargetID = 8D93A0B226E4667900F65A95;
					};
					8D93A0D326E4667A00F65A95 = {
						CreatedOnToolsVersion = 12.5.1;
						TestTargetID = 8D93A0B226E4667900F65A95;
					};
				};
			};
			buildConfigurationList = 8D93A0AE26E4667900F65A95 /* Build configuration list for PBXProject "Combine-SwiftUI-MVVM" */;
			compatibilityVersion = "Xcode 9.3";
			developmentRegion = en;
			hasScannedForEncodings = 0;
			knownRegions = (
				en,
				Base,
			);
			mainGroup = 8D93A0AA26E4667900F65A95;
			productRefGroup = 8D93A0B426E4667900F65A95 /* Products */;
			projectDirPath = "";
			projectRoot = "";
			targets = (
				8D93A0B226E4667900F65A95 /* Combine-SwiftUI-MVVM */,
				8D93A0C826E4667A00F65A95 /* Combine-SwiftUI-MVVMTests */,
				8D93A0D326E4667A00F65A95 /* Combine-SwiftUI-MVVMUITests */,
			);
		};
/* End PBXProject section */

/* Begin PBXResourcesBuildPhase section */
		8D93A0B126E4667900F65A95 /* Resources */ = {
			isa = PBXResourcesBuildPhase;
			buildActionMask = 2147483647;
			files = (
				8D468F2F26E5C1AE006CB302 /* README.md in Resources */,
				8D93A0C326E4667A00F65A95 /* LaunchScreen.storyboard in Resources */,
				8D93A0BD26E4667A00F65A95 /* Assets.xcassets in Resources */,
			);
			runOnlyForDeploymentPostprocessing = 0;
		};
		8D93A0C726E4667A00F65A95 /* Resources */ = {
			isa = PBXResourcesBuildPhase;
			buildActionMask = 2147483647;
			files = (
			);
			runOnlyForDeploymentPostprocessing = 0;
		};
		8D93A0D226E4667A00F65A95 /* Resources */ = {
			isa = PBXResourcesBuildPhase;
			buildActionMask = 2147483647;
			files = (
			);
			runOnlyForDeploymentPostprocessing = 0;
		};
/* End PBXResourcesBuildPhase section */

/* Begin PBXSourcesBuildPhase section */
		8D93A0AF26E4667900F65A95 /* Sources */ = {
			isa = PBXSourcesBuildPhase;
			buildActionMask = 2147483647;
			files = (
				8D93A0F326E472A900F65A95 /* Response.swift in Sources */,
				8D93A0ED26E46AEA00F65A95 /* WeatherFetcher.swift in Sources */,
				8D93A0B726E4667900F65A95 /* AppDelegate.swift in Sources */,
				8D93A10F26E5949000F65A95 /* CurrentWeatherView.swift in Sources */,
				8D93A10426E4CCA900F65A95 /* WeeklyWeatherBuilder.swift in Sources */,
				8D93A10026E48BC800F65A95 /* Array+Filtering.swift in Sources */,
				8D93A0EF26E46B0C00F65A95 /* WeeklyWeatherView.swift in Sources */,
				8D93A0FA26E47EC600F65A95 /* DailyWeatherRowViewModel.swift in Sources */,
				8D93A0F726E47A9600F65A95 /* Parsing.swift in Sources */,
				8D93A0F126E46B2C00F65A95 /* WeeklyWeatherViewModel.swift in Sources */,
				8D93A10D26E5842200F65A95 /* MapView.swift in Sources */,
				8D93A0B926E4667900F65A95 /* SceneDelegate.swift in Sources */,
				8D93A0FD26E47FA400F65A95 /* Formatters.swift in Sources */,
				8D93A0F526E4764000F65A95 /* WeatherError.swift in Sources */,
				8D93A10226E4A6FF00F65A95 /* DailyWeatherRow.swift in Sources */,
				8D93A10A26E580EA00F65A95 /* CurrentWeatherRow.swift in Sources */,
				8D93A10626E4CD3500F65A95 /* CurrentWeatherViewModel.swift in Sources */,
				8D93A10826E4CE8400F65A95 /* CurrentWeatherRowViewModel.swift in Sources */,
			);
			runOnlyForDeploymentPostprocessing = 0;
		};
		8D93A0C526E4667A00F65A95 /* Sources */ = {
			isa = PBXSourcesBuildPhase;
			buildActionMask = 2147483647;
			files = (
			);
			runOnlyForDeploymentPostprocessing = 0;
		};
		8D93A0D026E4667A00F65A95 /* Sources */ = {
			isa = PBXSourcesBuildPhase;
			buildActionMask = 2147483647;
			files = (
			);
			runOnlyForDeploymentPostprocessing = 0;
		};
/* End PBXSourcesBuildPhase section */

/* Begin PBXTargetDependency section */
		8D93A0CB26E4667A00F65A95 /* PBXTargetDependency */ = {
			isa = PBXTargetDependency;
			target = 8D93A0B226E4667900F65A95 /* Combine-SwiftUI-MVVM */;
			targetProxy = 8D93A0CA26E4667A00F65A95 /* PBXContainerItemProxy */;
		};
		8D93A0D626E4667A00F65A95 /* PBXTargetDependency */ = {
			isa = PBXTargetDependency;
			target = 8D93A0B226E4667900F65A95 /* Combine-SwiftUI-MVVM */;
			targetProxy = 8D93A0D526E4667A00F65A95 /* PBXContainerItemProxy */;
		};
/* End PBXTargetDependency section */

/* Begin PBXVariantGroup section */
		8D93A0C126E4667A00F65A95 /* LaunchScreen.storyboard */ = {
			isa = PBXVariantGroup;
			children = (
				8D93A0C226E4667A00F65A95 /* Base */,
			);
			name = LaunchScreen.storyboard;
			sourceTree = "<group>";
		};
/* End PBXVariantGroup section */

/* Begin XCBuildConfiguration section */
		8D93A0DB26E4667A00F65A95 /* Debug */ = {
			isa = XCBuildConfiguration;
			buildSettings = {
				ALWAYS_SEARCH_USER_PATHS = NO;
				CLANG_ANALYZER_NONNULL = YES;
				CLANG_ANALYZER_NUMBER_OBJECT_CONVERSION = YES_AGGRESSIVE;
				CLANG_CXX_LANGUAGE_STANDARD = "gnu++14";
				CLANG_CXX_LIBRARY = "libc++";
				CLANG_ENABLE_MODULES = YES;
				CLANG_ENABLE_OBJC_ARC = YES;
				CLANG_ENABLE_OBJC_WEAK = YES;
				CLANG_WARN_BLOCK_CAPTURE_AUTORELEASING = YES;
				CLANG_WARN_BOOL_CONVERSION = YES;
				CLANG_WARN_COMMA = YES;
				CLANG_WARN_CONSTANT_CONVERSION = YES;
				CLANG_WARN_DEPRECATED_OBJC_IMPLEMENTATIONS = YES;
				CLANG_WARN_DIRECT_OBJC_ISA_USAGE = YES_ERROR;
				CLANG_WARN_DOCUMENTATION_COMMENTS = YES;
				CLANG_WARN_EMPTY_BODY = YES;
				CLANG_WARN_ENUM_CONVERSION = YES;
				CLANG_WARN_INFINITE_RECURSION = YES;
				CLANG_WARN_INT_CONVERSION = YES;
				CLANG_WARN_NON_LITERAL_NULL_CONVERSION = YES;
				CLANG_WARN_OBJC_IMPLICIT_RETAIN_SELF = YES;
				CLANG_WARN_OBJC_LITERAL_CONVERSION = YES;
				CLANG_WARN_OBJC_ROOT_CLASS = YES_ERROR;
				CLANG_WARN_QUOTED_INCLUDE_IN_FRAMEWORK_HEADER = YES;
				CLANG_WARN_RANGE_LOOP_ANALYSIS = YES;
				CLANG_WARN_STRICT_PROTOTYPES = YES;
				CLANG_WARN_SUSPICIOUS_MOVE = YES;
				CLANG_WARN_UNGUARDED_AVAILABILITY = YES_AGGRESSIVE;
				CLANG_WARN_UNREACHABLE_CODE = YES;
				CLANG_WARN__DUPLICATE_METHOD_MATCH = YES;
				COPY_PHASE_STRIP = NO;
				DEBUG_INFORMATION_FORMAT = dwarf;
				ENABLE_STRICT_OBJC_MSGSEND = YES;
				ENABLE_TESTABILITY = YES;
				GCC_C_LANGUAGE_STANDARD = gnu11;
				GCC_DYNAMIC_NO_PIC = NO;
				GCC_NO_COMMON_BLOCKS = YES;
				GCC_OPTIMIZATION_LEVEL = 0;
				GCC_PREPROCESSOR_DEFINITIONS = (
					"DEBUG=1",
					"$(inherited)",
				);
				GCC_WARN_64_TO_32_BIT_CONVERSION = YES;
				GCC_WARN_ABOUT_RETURN_TYPE = YES_ERROR;
				GCC_WARN_UNDECLARED_SELECTOR = YES;
				GCC_WARN_UNINITIALIZED_AUTOS = YES_AGGRESSIVE;
				GCC_WARN_UNUSED_FUNCTION = YES;
				GCC_WARN_UNUSED_VARIABLE = YES;
				IPHONEOS_DEPLOYMENT_TARGET = 14.5;
				MTL_ENABLE_DEBUG_INFO = INCLUDE_SOURCE;
				MTL_FAST_MATH = YES;
				ONLY_ACTIVE_ARCH = YES;
				SDKROOT = iphoneos;
				SWIFT_ACTIVE_COMPILATION_CONDITIONS = DEBUG;
				SWIFT_OPTIMIZATION_LEVEL = "-Onone";
			};
			name = Debug;
		};
		8D93A0DC26E4667A00F65A95 /* Release */ = {
			isa = XCBuildConfiguration;
			buildSettings = {
				ALWAYS_SEARCH_USER_PATHS = NO;
				CLANG_ANALYZER_NONNULL = YES;
				CLANG_ANALYZER_NUMBER_OBJECT_CONVERSION = YES_AGGRESSIVE;
				CLANG_CXX_LANGUAGE_STANDARD = "gnu++14";
				CLANG_CXX_LIBRARY = "libc++";
				CLANG_ENABLE_MODULES = YES;
				CLANG_ENABLE_OBJC_ARC = YES;
				CLANG_ENABLE_OBJC_WEAK = YES;
				CLANG_WARN_BLOCK_CAPTURE_AUTORELEASING = YES;
				CLANG_WARN_BOOL_CONVERSION = YES;
				CLANG_WARN_COMMA = YES;
				CLANG_WARN_CONSTANT_CONVERSION = YES;
				CLANG_WARN_DEPRECATED_OBJC_IMPLEMENTATIONS = YES;
				CLANG_WARN_DIRECT_OBJC_ISA_USAGE = YES_ERROR;
				CLANG_WARN_DOCUMENTATION_COMMENTS = YES;
				CLANG_WARN_EMPTY_BODY = YES;
				CLANG_WARN_ENUM_CONVERSION = YES;
				CLANG_WARN_INFINITE_RECURSION = YES;
				CLANG_WARN_INT_CONVERSION = YES;
				CLANG_WARN_NON_LITERAL_NULL_CONVERSION = YES;
				CLANG_WARN_OBJC_IMPLICIT_RETAIN_SELF = YES;
				CLANG_WARN_OBJC_LITERAL_CONVERSION = YES;
				CLANG_WARN_OBJC_ROOT_CLASS = YES_ERROR;
				CLANG_WARN_QUOTED_INCLUDE_IN_FRAMEWORK_HEADER = YES;
				CLANG_WARN_RANGE_LOOP_ANALYSIS = YES;
				CLANG_WARN_STRICT_PROTOTYPES = YES;
				CLANG_WARN_SUSPICIOUS_MOVE = YES;
				CLANG_WARN_UNGUARDED_AVAILABILITY = YES_AGGRESSIVE;
				CLANG_WARN_UNREACHABLE_CODE = YES;
				CLANG_WARN__DUPLICATE_METHOD_MATCH = YES;
				COPY_PHASE_STRIP = NO;
				DEBUG_INFORMATION_FORMAT = "dwarf-with-dsym";
				ENABLE_NS_ASSERTIONS = NO;
				ENABLE_STRICT_OBJC_MSGSEND = YES;
				GCC_C_LANGUAGE_STANDARD = gnu11;
				GCC_NO_COMMON_BLOCKS = YES;
				GCC_WARN_64_TO_32_BIT_CONVERSION = YES;
				GCC_WARN_ABOUT_RETURN_TYPE = YES_ERROR;
				GCC_WARN_UNDECLARED_SELECTOR = YES;
				GCC_WARN_UNINITIALIZED_AUTOS = YES_AGGRESSIVE;
				GCC_WARN_UNUSED_FUNCTION = YES;
				GCC_WARN_UNUSED_VARIABLE = YES;
				IPHONEOS_DEPLOYMENT_TARGET = 14.5;
				MTL_ENABLE_DEBUG_INFO = NO;
				MTL_FAST_MATH = YES;
				SDKROOT = iphoneos;
				SWIFT_COMPILATION_MODE = wholemodule;
				SWIFT_OPTIMIZATION_LEVEL = "-O";
				VALIDATE_PRODUCT = YES;
			};
			name = Release;
		};
		8D93A0DE26E4667A00F65A95 /* Debug */ = {
			isa = XCBuildConfiguration;
			buildSettings = {
				ASSETCATALOG_COMPILER_APPICON_NAME = AppIcon;
				ASSETCATALOG_COMPILER_GLOBAL_ACCENT_COLOR_NAME = AccentColor;
				CODE_SIGN_STYLE = Automatic;
				DEVELOPMENT_TEAM = B2VB7ETBT9;
				ENABLE_PREVIEWS = YES;
				INFOPLIST_FILE = "Combine-SwiftUI-MVVM/Supporting Files/Info.plist";
				LD_RUNPATH_SEARCH_PATHS = (
					"$(inherited)",
					"@executable_path/Frameworks",
				);
				PRODUCT_BUNDLE_IDENTIFIER = "nz.co.countdown.Combine-SwiftUI-MVVM";
				PRODUCT_NAME = "$(TARGET_NAME)";
				SWIFT_VERSION = 5.0;
				TARGETED_DEVICE_FAMILY = "1,2";
			};
			name = Debug;
		};
		8D93A0DF26E4667A00F65A95 /* Release */ = {
			isa = XCBuildConfiguration;
			buildSettings = {
				ASSETCATALOG_COMPILER_APPICON_NAME = AppIcon;
				ASSETCATALOG_COMPILER_GLOBAL_ACCENT_COLOR_NAME = AccentColor;
				CODE_SIGN_STYLE = Automatic;
				DEVELOPMENT_TEAM = B2VB7ETBT9;
				ENABLE_PREVIEWS = YES;
				INFOPLIST_FILE = "Combine-SwiftUI-MVVM/Supporting Files/Info.plist";
				LD_RUNPATH_SEARCH_PATHS = (
					"$(inherited)",
					"@executable_path/Frameworks",
				);
				PRODUCT_BUNDLE_IDENTIFIER = "nz.co.countdown.Combine-SwiftUI-MVVM";
				PRODUCT_NAME = "$(TARGET_NAME)";
				SWIFT_VERSION = 5.0;
				TARGETED_DEVICE_FAMILY = "1,2";
			};
			name = Release;
		};
		8D93A0E126E4667A00F65A95 /* Debug */ = {
			isa = XCBuildConfiguration;
			buildSettings = {
				ALWAYS_EMBED_SWIFT_STANDARD_LIBRARIES = YES;
				BUNDLE_LOADER = "$(TEST_HOST)";
				CODE_SIGN_STYLE = Automatic;
				DEVELOPMENT_TEAM = B2VB7ETBT9;
				INFOPLIST_FILE = test2Tests/Info.plist;
				IPHONEOS_DEPLOYMENT_TARGET = 14.5;
				LD_RUNPATH_SEARCH_PATHS = (
					"$(inherited)",
					"@executable_path/Frameworks",
					"@loader_path/Frameworks",
				);
				PRODUCT_BUNDLE_IDENTIFIER = "nz.co.countdown.Combine-SwiftUI-MVVMTests";
				PRODUCT_NAME = "$(TARGET_NAME)";
				SWIFT_VERSION = 5.0;
				TARGETED_DEVICE_FAMILY = "1,2";
				TEST_HOST = "$(BUILT_PRODUCTS_DIR)/test2.app/test2";
			};
			name = Debug;
		};
		8D93A0E226E4667A00F65A95 /* Release */ = {
			isa = XCBuildConfiguration;
			buildSettings = {
				ALWAYS_EMBED_SWIFT_STANDARD_LIBRARIES = YES;
				BUNDLE_LOADER = "$(TEST_HOST)";
				CODE_SIGN_STYLE = Automatic;
				DEVELOPMENT_TEAM = B2VB7ETBT9;
				INFOPLIST_FILE = test2Tests/Info.plist;
				IPHONEOS_DEPLOYMENT_TARGET = 14.5;
				LD_RUNPATH_SEARCH_PATHS = (
					"$(inherited)",
					"@executable_path/Frameworks",
					"@loader_path/Frameworks",
				);
				PRODUCT_BUNDLE_IDENTIFIER = "nz.co.countdown.Combine-SwiftUI-MVVMTests";
				PRODUCT_NAME = "$(TARGET_NAME)";
				SWIFT_VERSION = 5.0;
				TARGETED_DEVICE_FAMILY = "1,2";
				TEST_HOST = "$(BUILT_PRODUCTS_DIR)/test2.app/test2";
			};
			name = Release;
		};
		8D93A0E426E4667A00F65A95 /* Debug */ = {
			isa = XCBuildConfiguration;
			buildSettings = {
				ALWAYS_EMBED_SWIFT_STANDARD_LIBRARIES = YES;
				CODE_SIGN_STYLE = Automatic;
				DEVELOPMENT_TEAM = B2VB7ETBT9;
				INFOPLIST_FILE = test2UITests/Info.plist;
				LD_RUNPATH_SEARCH_PATHS = (
					"$(inherited)",
					"@executable_path/Frameworks",
					"@loader_path/Frameworks",
				);
				PRODUCT_BUNDLE_IDENTIFIER = "nz.co.countdown.Combine-SwiftUI-MVVMUITests";
				PRODUCT_NAME = "$(TARGET_NAME)";
				SWIFT_VERSION = 5.0;
				TARGETED_DEVICE_FAMILY = "1,2";
				TEST_TARGET_NAME = test2;
			};
			name = Debug;
		};
		8D93A0E526E4667A00F65A95 /* Release */ = {
			isa = XCBuildConfiguration;
			buildSettings = {
				ALWAYS_EMBED_SWIFT_STANDARD_LIBRARIES = YES;
				CODE_SIGN_STYLE = Automatic;
				DEVELOPMENT_TEAM = B2VB7ETBT9;
				INFOPLIST_FILE = test2UITests/Info.plist;
				LD_RUNPATH_SEARCH_PATHS = (
					"$(inherited)",
					"@executable_path/Frameworks",
					"@loader_path/Frameworks",
				);
				PRODUCT_BUNDLE_IDENTIFIER = "nz.co.countdown.Combine-SwiftUI-MVVMUITests";
				PRODUCT_NAME = "$(TARGET_NAME)";
				SWIFT_VERSION = 5.0;
				TARGETED_DEVICE_FAMILY = "1,2";
				TEST_TARGET_NAME = test2;
			};
			name = Release;
		};
/* End XCBuildConfiguration section */

/* Begin XCConfigurationList section */
		8D93A0AE26E4667900F65A95 /* Build configuration list for PBXProject "Combine-SwiftUI-MVVM" */ = {
			isa = XCConfigurationList;
			buildConfigurations = (
				8D93A0DB26E4667A00F65A95 /* Debug */,
				8D93A0DC26E4667A00F65A95 /* Release */,
			);
			defaultConfigurationIsVisible = 0;
			defaultConfigurationName = Release;
		};
		8D93A0DD26E4667A00F65A95 /* Build configuration list for PBXNativeTarget "Combine-SwiftUI-MVVM" */ = {
			isa = XCConfigurationList;
			buildConfigurations = (
				8D93A0DE26E4667A00F65A95 /* Debug */,
				8D93A0DF26E4667A00F65A95 /* Release */,
			);
			defaultConfigurationIsVisible = 0;
			defaultConfigurationName = Release;
		};
		8D93A0E026E4667A00F65A95 /* Build configuration list for PBXNativeTarget "Combine-SwiftUI-MVVMTests" */ = {
			isa = XCConfigurationList;
			buildConfigurations = (
				8D93A0E126E4667A00F65A95 /* Debug */,
				8D93A0E226E4667A00F65A95 /* Release */,
			);
			defaultConfigurationIsVisible = 0;
			defaultConfigurationName = Release;
		};
		8D93A0E326E4667A00F65A95 /* Build configuration list for PBXNativeTarget "Combine-SwiftUI-MVVMUITests" */ = {
			isa = XCConfigurationList;
			buildConfigurations = (
				8D93A0E426E4667A00F65A95 /* Debug */,
				8D93A0E526E4667A00F65A95 /* Release */,
			);
			defaultConfigurationIsVisible = 0;
			defaultConfigurationName = Release;
		};
/* End XCConfigurationList section */
	};
	rootObject = 8D93A0AB26E4667900F65A95 /* Project object */;
}
